
Microsoft Visual Studio Solution File, Format Version 12.00
# Visual Studio Version 16
VisualStudioVersion = 16.0.30804.86
MinimumVisualStudioVersion = 10.0.40219.1
Project("{8BC9CEB8-8B4A-11D0-8D11-00A0C91BC942}") = "s1_join_and_detach_functions", "Concurrency\Concurrency.vcxproj", "{9D72D829-EA6C-43D0-8732-9BCEDC370FB6}"
EndProject
Project("{8BC9CEB8-8B4A-11D0-8D11-00A0C91BC942}") = "s1_handle_join_in_exception", "s1_handle_join_in_exception\s1_handle_join_in_exception.vcxproj", "{5017AD28-6987-4C00-8961-D28FE0DB6B95}"
EndProject
Project("{8BC9CEB8-8B4A-11D0-8D11-00A0C91BC942}") = "s1_launch_a_thread", "s1_launch_a_thread\s1_launch_a_thread.vcxproj", "{F4B5B530-F5DD-4F7B-892C-4CE5A008C431}"
EndProject
Project("{8BC9CEB8-8B4A-11D0-8D11-00A0C91BC942}") = "s1_pass_parameter_to_thread", "s1_pass_parameter_to_thread\s1_pass_parameter_to_thread.vcxproj", "{A97FFA93-5837-4B6E-9158-A79A19E0EC94}"
EndProject
Project("{8BC9CEB8-8B4A-11D0-8D11-00A0C91BC942}") = "s1_joinability_of_thread", "s1_joinability_of_thread\s1_joinability_of_thread.vcxproj", "{7460F407-8281-426E-A419-3EE6224B06DF}"
EndProject
Project("{8BC9CEB8-8B4A-11D0-8D11-00A0C91BC942}") = "s1_parallel_accumulate", "s1_parallel_accumulate\s1_parallel_accumulate.vcxproj", "{2303365A-46F3-4941-9B28-BACAA7DFEB37}"
EndProject
Project("{8BC9CEB8-8B4A-11D0-8D11-00A0C91BC942}") = "s1_transferring_ownership_of_a_thread", "s1_transferring_ownership_of_a_thread\s1_transferring_ownership_of_a_thread.vcxproj", "{013DAB40-344E-4A05-A8BB-41E3984CD99D}"
EndProject
Project("{8BC9CEB8-8B4A-11D0-8D11-00A0C91BC942}") = "s1_useful_operations_on_thread", "s1_useful_operations_on_thread\s1_useful_operations_on_thread.vcxproj", "{9E027A4E-17D8-4A9D-91F1-0BFEBD2BEBB0}"
EndProject
Project("{8BC9CEB8-8B4A-11D0-8D11-00A0C91BC942}") = "s1_parallel_accumulate_algorithm_explanation", "s1_parallel_accumulate_algorithm_explanation\s1_parallel_accumulate_algorithm_explanation.vcxproj", "{F63AA0A9-AA2F-43FB-90B6-4F15E631CBBD}"
EndProject
Global
	GlobalSection(SolutionConfigurationPlatforms) = preSolution
		Debug|x64 = Debug|x64
		Debug|x86 = Debug|x86
		Release|x64 = Release|x64
		Release|x86 = Release|x86
	EndGlobalSection
	GlobalSection(ProjectConfigurationPlatforms) = postSolution
		{9D72D829-EA6C-43D0-8732-9BCEDC370FB6}.Debug|x64.ActiveCfg = Debug|x64
		{9D72D829-EA6C-43D0-8732-9BCEDC370FB6}.Debug|x64.Build.0 = Debug|x64
		{9D72D829-EA6C-43D0-8732-9BCEDC370FB6}.Debug|x86.ActiveCfg = Debug|Win32
		{9D72D829-EA6C-43D0-8732-9BCEDC370FB6}.Debug|x86.Build.0 = Debug|Win32
		{9D72D829-EA6C-43D0-8732-9BCEDC370FB6}.Release|x64.ActiveCfg = Release|x64
		{9D72D829-EA6C-43D0-8732-9BCEDC370FB6}.Release|x64.Build.0 = Release|x64
		{9D72D829-EA6C-43D0-8732-9BCEDC370FB6}.Release|x86.ActiveCfg = Release|Win32
		{9D72D829-EA6C-43D0-8732-9BCEDC370FB6}.Release|x86.Build.0 = Release|Win32
		{5017AD28-6987-4C00-8961-D28FE0DB6B95}.Debug|x64.ActiveCfg = Debug|x64
		{5017AD28-6987-4C00-8961-D28FE0DB6B95}.Debug|x64.Build.0 = Debug|x64
		{5017AD28-6987-4C00-8961-D28FE0DB6B95}.Debug|x86.ActiveCfg = Debug|Win32
		{5017AD28-6987-4C00-8961-D28FE0DB6B95}.Debug|x86.Build.0 = Debug|Win32
		{5017AD28-6987-4C00-8961-D28FE0DB6B95}.Release|x64.ActiveCfg = Release|x64
		{5017AD28-6987-4C00-8961-D28FE0DB6B95}.Release|x64.Build.0 = Release|x64
		{5017AD28-6987-4C00-8961-D28FE0DB6B95}.Release|x86.ActiveCfg = Release|Win32
		{5017AD28-6987-4C00-8961-D28FE0DB6B95}.Release|x86.Build.0 = Release|Win32
		{F4B5B530-F5DD-4F7B-892C-4CE5A008C431}.Debug|x64.ActiveCfg = Debug|x64
		{F4B5B530-F5DD-4F7B-892C-4CE5A008C431}.Debug|x64.Build.0 = Debug|x64
		{F4B5B530-F5DD-4F7B-892C-4CE5A008C431}.Debug|x86.ActiveCfg = Debug|Win32
		{F4B5B530-F5DD-4F7B-892C-4CE5A008C431}.Debug|x86.Build.0 = Debug|Win32
		{F4B5B530-F5DD-4F7B-892C-4CE5A008C431}.Release|x64.ActiveCfg = Release|x64
		{F4B5B530-F5DD-4F7B-892C-4CE5A008C431}.Release|x64.Build.0 = Release|x64
		{F4B5B530-F5DD-4F7B-892C-4CE5A008C431}.Release|x86.ActiveCfg = Release|Win32
		{F4B5B530-F5DD-4F7B-892C-4CE5A008C431}.Release|x86.Build.0 = Release|Win32
		{A97FFA93-5837-4B6E-9158-A79A19E0EC94}.Debug|x64.ActiveCfg = Debug|x64
		{A97FFA93-5837-4B6E-9158-A79A19E0EC94}.Debug|x64.Build.0 = Debug|x64
		{A97FFA93-5837-4B6E-9158-A79A19E0EC94}.Debug|x86.ActiveCfg = Debug|Win32
		{A97FFA93-5837-4B6E-9158-A79A19E0EC94}.Debug|x86.Build.0 = Debug|Win32
		{A97FFA93-5837-4B6E-9158-A79A19E0EC94}.Release|x64.ActiveCfg = Release|x64
		{A97FFA93-5837-4B6E-9158-A79A19E0EC94}.Release|x64.Build.0 = Release|x64
		{A97FFA93-5837-4B6E-9158-A79A19E0EC94}.Release|x86.ActiveCfg = Release|Win32
		{A97FFA93-5837-4B6E-9158-A79A19E0EC94}.Release|x86.Build.0 = Release|Win32
		{7460F407-8281-426E-A419-3EE6224B06DF}.Debug|x64.ActiveCfg = Debug|x64
		{7460F407-8281-426E-A419-3EE6224B06DF}.Debug|x64.Build.0 = Debug|x64
		{7460F407-8281-426E-A419-3EE6224B06DF}.Debug|x86.ActiveCfg = Debug|Win32
		{7460F407-8281-426E-A419-3EE6224B06DF}.Debug|x86.Build.0 = Debug|Win32
		{7460F407-8281-426E-A419-3EE6224B06DF}.Release|x64.ActiveCfg = Release|x64
		{7460F407-8281-426E-A419-3EE6224B06DF}.Release|x64.Build.0 = Release|x64
		{7460F407-8281-426E-A419-3EE6224B06DF}.Release|x86.ActiveCfg = Release|Win32
		{7460F407-8281-426E-A419-3EE6224B06DF}.Release|x86.Build.0 = Release|Win32
		{2303365A-46F3-4941-9B28-BACAA7DFEB37}.Debug|x64.ActiveCfg = Debug|x64
		{2303365A-46F3-4941-9B28-BACAA7DFEB37}.Debug|x64.Build.0 = Debug|x64
		{2303365A-46F3-4941-9B28-BACAA7DFEB37}.Debug|x86.ActiveCfg = Debug|Win32
		{2303365A-46F3-4941-9B28-BACAA7DFEB37}.Debug|x86.Build.0 = Debug|Win32
		{2303365A-46F3-4941-9B28-BACAA7DFEB37}.Release|x64.ActiveCfg = Release|x64
		{2303365A-46F3-4941-9B28-BACAA7DFEB37}.Release|x64.Build.0 = Release|x64
		{2303365A-46F3-4941-9B28-BACAA7DFEB37}.Release|x86.ActiveCfg = Release|Win32
		{2303365A-46F3-4941-9B28-BACAA7DFEB37}.Release|x86.Build.0 = Release|Win32
		{013DAB40-344E-4A05-A8BB-41E3984CD99D}.Debug|x64.ActiveCfg = Debug|x64
		{013DAB40-344E-4A05-A8BB-41E3984CD99D}.Debug|x64.Build.0 = Debug|x64
		{013DAB40-344E-4A05-A8BB-41E3984CD99D}.Debug|x86.ActiveCfg = Debug|Win32
		{013DAB40-344E-4A05-A8BB-41E3984CD99D}.Debug|x86.Build.0 = Debug|Win32
		{013DAB40-344E-4A05-A8BB-41E3984CD99D}.Release|x64.ActiveCfg = Release|x64
		{013DAB40-344E-4A05-A8BB-41E3984CD99D}.Release|x64.Build.0 = Release|x64
		{013DAB40-344E-4A05-A8BB-41E3984CD99D}.Release|x86.ActiveCfg = Release|Win32
		{013DAB40-344E-4A05-A8BB-41E3984CD99D}.Release|x86.Build.0 = Release|Win32
		{9E027A4E-17D8-4A9D-91F1-0BFEBD2BEBB0}.Debug|x64.ActiveCfg = Debug|x64
		{9E027A4E-17D8-4A9D-91F1-0BFEBD2BEBB0}.Debug|x64.Build.0 = Debug|x64
		{9E027A4E-17D8-4A9D-91F1-0BFEBD2BEBB0}.Debug|x86.ActiveCfg = Debug|Win32
		{9E027A4E-17D8-4A9D-91F1-0BFEBD2BEBB0}.Debug|x86.Build.0 = Debug|Win32
		{9E027A4E-17D8-4A9D-91F1-0BFEBD2BEBB0}.Release|x64.ActiveCfg = Release|x64
		{9E027A4E-17D8-4A9D-91F1-0BFEBD2BEBB0}.Release|x64.Build.0 = Release|x64
		{9E027A4E-17D8-4A9D-91F1-0BFEBD2BEBB0}.Release|x86.ActiveCfg = Release|Win32
		{9E027A4E-17D8-4A9D-91F1-0BFEBD2BEBB0}.Release|x86.Build.0 = Release|Win32
		{F63AA0A9-AA2F-43FB-90B6-4F15E631CBBD}.Debug|x64.ActiveCfg = Debug|x64
		{F63AA0A9-AA2F-43FB-90B6-4F15E631CBBD}.Debug|x64.Build.0 = Debug|x64
		{F63AA0A9-AA2F-43FB-90B6-4F15E631CBBD}.Debug|x86.ActiveCfg = Debug|Win32
		{F63AA0A9-AA2F-43FB-90B6-4F15E631CBBD}.Debug|x86.Build.0 = Debug|Win32
		{F63AA0A9-AA2F-43FB-90B6-4F15E631CBBD}.Release|x64.ActiveCfg = Release|x64
		{F63AA0A9-AA2F-43FB-90B6-4F15E631CBBD}.Release|x64.Build.0 = Release|x64
		{F63AA0A9-AA2F-43FB-90B6-4F15E631CBBD}.Release|x86.ActiveCfg = Release|Win32
		{F63AA0A9-AA2F-43FB-90B6-4F15E631CBBD}.Release|x86.Build.0 = Release|Win32
	EndGlobalSection
	GlobalSection(SolutionProperties) = preSolution
		HideSolutionNode = FALSE
	EndGlobalSection
	GlobalSection(ExtensibilityGlobals) = postSolution
		SolutionGuid = {D0E4632C-6D15-4F24-BAF5-10873B60C4F4}
	EndGlobalSection
EndGlobal
